
Microsoft Visual Studio Solution File, Format Version 12.00
# Visual Studio Version 18
VisualStudioVersion = 18.0.11222.15 d18.0
MinimumVisualStudioVersion = 10.0.40219.1
Project("{FAE04EC0-301F-11D3-BF4B-00C04F79EFBC}") = "SysClin.Tests", "SysClin.Tests\SysClin.Tests.csproj", "{947B6885-1C29-4AD3-95AB-56CFF549FBA6}"
EndProject
Project("{FAE04EC0-301F-11D3-BF4B-00C04F79EFBC}") = "SysClin", "SysClin\SysClin.csproj", "{5D4526E1-825E-4243-9701-0F53D0BD4875}"
EndProject
Global
	GlobalSection(SolutionConfigurationPlatforms) = preSolution
		Debug|Any CPU = Debug|Any CPU
		Release|Any CPU = Release|Any CPU
	EndGlobalSection
	GlobalSection(ProjectConfigurationPlatforms) = postSolution
		{947B6885-1C29-4AD3-95AB-56CFF549FBA6}.Debug|Any CPU.ActiveCfg = Debug|Any CPU
		{947B6885-1C29-4AD3-95AB-56CFF549FBA6}.Debug|Any CPU.Build.0 = Debug|Any CPU
		{947B6885-1C29-4AD3-95AB-56CFF549FBA6}.Release|Any CPU.ActiveCfg = Release|Any CPU
		{947B6885-1C29-4AD3-95AB-56CFF549FBA6}.Release|Any CPU.Build.0 = Release|Any CPU
		{5D4526E1-825E-4243-9701-0F53D0BD4875}.Debug|Any CPU.ActiveCfg = Debug|Any CPU
		{5D4526E1-825E-4243-9701-0F53D0BD4875}.Debug|Any CPU.Build.0 = Debug|Any CPU
		{5D4526E1-825E-4243-9701-0F53D0BD4875}.Release|Any CPU.ActiveCfg = Release|Any CPU
		{5D4526E1-825E-4243-9701-0F53D0BD4875}.Release|Any CPU.Build.0 = Release|Any CPU
	EndGlobalSection
	GlobalSection(SolutionProperties) = preSolution
		HideSolutionNode = FALSE
	EndGlobalSection
EndGlobal
